
Microsoft Visual Studio Solution File, Format Version 12.00
# Visual Studio 2012
Project("{FAE04EC0-301F-11D3-BF4B-00C04F79EFBC}") = "Xcl", "Xcl\Xcl.csproj", "{747755CF-E91C-4CD4-9FAE-0BA5DB468596}"
EndProject
Project("{FAE04EC0-301F-11D3-BF4B-00C04F79EFBC}") = "Xcl.iOS", "Xcl.iOS\Xcl.iOS.csproj", "{4DCA485B-1CB4-46AF-97AB-3F524681CD3A}"
EndProject
Project("{FAE04EC0-301F-11D3-BF4B-00C04F79EFBC}") = "Xcl.Android", "Xcl.Android\Xcl.Android.csproj", "{5D535232-7F23-4EB4-8A40-CCDFEEC83B51}"
EndProject
Project("{2150E333-8FDC-42A3-9474-1A3956D46DE8}") = "Solution Items", "Solution Items", "{3E6C334B-849F-4B66-9D60-3C6121A4E786}"
	ProjectSection(SolutionItems) = preProject
		..\component.yaml = ..\component.yaml
		..\Details.md = ..\Details.md
		..\GettingStarted.md = ..\GettingStarted.md
		..\License.md = ..\License.md
		..\README.md = ..\README.md
	EndProjectSection
EndProject
Project("{FAE04EC0-301F-11D3-BF4B-00C04F79EFBC}") = "Xcl.Samples", "..\samples\Xcl.Samples\Xcl.Samples.csproj", "{5779B855-84D9-4775-A0A4-85BA52E29E99}"
EndProject
Project("{FAE04EC0-301F-11D3-BF4B-00C04F79EFBC}") = "Xcl.Samples.iOS", "..\samples\Xcl.Samples.iOS\Xcl.Samples.iOS.csproj", "{DD6580F8-B14F-4E99-A35A-180CD8874173}"
EndProject
Project("{FAE04EC0-301F-11D3-BF4B-00C04F79EFBC}") = "Xcl.Samples.Droid", "..\samples\Xcl.Samples.Droid\Xcl.Samples.Droid.csproj", "{B15EA990-8904-4303-AEC6-5521AE01457C}"
EndProject
Project("{FAE04EC0-301F-11D3-BF4B-00C04F79EFBC}") = "Xcl.Samples.UITests", "..\samples\Xcl.Samples.UITests\Xcl.Samples.UITests.csproj", "{14515E37-5425-4454-AE28-6FE60AFFDF32}"
EndProject
Project("{FAE04EC0-301F-11D3-BF4B-00C04F79EFBC}") = "Xcl.Login.Sample", "..\samples\login\Xcl.Login.Sample\Xcl.Login.Sample.csproj", "{2A7E4A98-9B64-4AF5-A591-211743598EB8}"
EndProject
Project("{FAE04EC0-301F-11D3-BF4B-00C04F79EFBC}") = "Xcl.Login.Sample.iOS", "..\samples\login\Xcl.Login.Sample.iOS\Xcl.Login.Sample.iOS.csproj", "{5EDF520C-B625-416F-AADC-75B101640965}"
EndProject
Project("{FAE04EC0-301F-11D3-BF4B-00C04F79EFBC}") = "Xcl.Login.Sample.Droid", "..\samples\login\Xcl.Login.Sample.Droid\Xcl.Login.Sample.Droid.csproj", "{22438A75-01EE-4E69-9F07-B4D263E775F6}"
EndProject
Global
	GlobalSection(SolutionConfigurationPlatforms) = preSolution
		Debug|Any CPU = Debug|Any CPU
		Release|Any CPU = Release|Any CPU
		Debug|iPhoneSimulator = Debug|iPhoneSimulator
		Release|iPhone = Release|iPhone
		Release|iPhoneSimulator = Release|iPhoneSimulator
		Debug|iPhone = Debug|iPhone
	EndGlobalSection
	GlobalSection(ProjectConfigurationPlatforms) = postSolution
		{14515E37-5425-4454-AE28-6FE60AFFDF32}.Debug|Any CPU.ActiveCfg = Debug|Any CPU
		{14515E37-5425-4454-AE28-6FE60AFFDF32}.Debug|Any CPU.Build.0 = Debug|Any CPU
		{14515E37-5425-4454-AE28-6FE60AFFDF32}.Debug|iPhone.ActiveCfg = Debug|Any CPU
		{14515E37-5425-4454-AE28-6FE60AFFDF32}.Debug|iPhone.Build.0 = Debug|Any CPU
		{14515E37-5425-4454-AE28-6FE60AFFDF32}.Debug|iPhoneSimulator.ActiveCfg = Debug|Any CPU
		{14515E37-5425-4454-AE28-6FE60AFFDF32}.Debug|iPhoneSimulator.Build.0 = Debug|Any CPU
		{14515E37-5425-4454-AE28-6FE60AFFDF32}.Release|Any CPU.ActiveCfg = Release|Any CPU
		{14515E37-5425-4454-AE28-6FE60AFFDF32}.Release|Any CPU.Build.0 = Release|Any CPU
		{14515E37-5425-4454-AE28-6FE60AFFDF32}.Release|iPhone.ActiveCfg = Release|Any CPU
		{14515E37-5425-4454-AE28-6FE60AFFDF32}.Release|iPhone.Build.0 = Release|Any CPU
		{14515E37-5425-4454-AE28-6FE60AFFDF32}.Release|iPhoneSimulator.ActiveCfg = Release|Any CPU
		{14515E37-5425-4454-AE28-6FE60AFFDF32}.Release|iPhoneSimulator.Build.0 = Release|Any CPU
		{22438A75-01EE-4E69-9F07-B4D263E775F6}.Debug|Any CPU.ActiveCfg = Debug|Any CPU
		{22438A75-01EE-4E69-9F07-B4D263E775F6}.Debug|Any CPU.Build.0 = Debug|Any CPU
		{22438A75-01EE-4E69-9F07-B4D263E775F6}.Debug|iPhone.ActiveCfg = Debug|Any CPU
		{22438A75-01EE-4E69-9F07-B4D263E775F6}.Debug|iPhone.Build.0 = Debug|Any CPU
		{22438A75-01EE-4E69-9F07-B4D263E775F6}.Debug|iPhoneSimulator.ActiveCfg = Debug|Any CPU
		{22438A75-01EE-4E69-9F07-B4D263E775F6}.Debug|iPhoneSimulator.Build.0 = Debug|Any CPU
		{22438A75-01EE-4E69-9F07-B4D263E775F6}.Release|Any CPU.ActiveCfg = Release|Any CPU
		{22438A75-01EE-4E69-9F07-B4D263E775F6}.Release|Any CPU.Build.0 = Release|Any CPU
		{22438A75-01EE-4E69-9F07-B4D263E775F6}.Release|iPhone.ActiveCfg = Release|Any CPU
		{22438A75-01EE-4E69-9F07-B4D263E775F6}.Release|iPhone.Build.0 = Release|Any CPU
		{22438A75-01EE-4E69-9F07-B4D263E775F6}.Release|iPhoneSimulator.ActiveCfg = Release|Any CPU
		{22438A75-01EE-4E69-9F07-B4D263E775F6}.Release|iPhoneSimulator.Build.0 = Release|Any CPU
		{2A7E4A98-9B64-4AF5-A591-211743598EB8}.Debug|Any CPU.ActiveCfg = Debug|Any CPU
		{2A7E4A98-9B64-4AF5-A591-211743598EB8}.Debug|Any CPU.Build.0 = Debug|Any CPU
		{2A7E4A98-9B64-4AF5-A591-211743598EB8}.Debug|iPhone.ActiveCfg = Debug|Any CPU
		{2A7E4A98-9B64-4AF5-A591-211743598EB8}.Debug|iPhone.Build.0 = Debug|Any CPU
		{2A7E4A98-9B64-4AF5-A591-211743598EB8}.Debug|iPhoneSimulator.ActiveCfg = Debug|Any CPU
		{2A7E4A98-9B64-4AF5-A591-211743598EB8}.Debug|iPhoneSimulator.Build.0 = Debug|Any CPU
		{2A7E4A98-9B64-4AF5-A591-211743598EB8}.Release|Any CPU.ActiveCfg = Release|Any CPU
		{2A7E4A98-9B64-4AF5-A591-211743598EB8}.Release|Any CPU.Build.0 = Release|Any CPU
		{2A7E4A98-9B64-4AF5-A591-211743598EB8}.Release|iPhone.ActiveCfg = Release|Any CPU
		{2A7E4A98-9B64-4AF5-A591-211743598EB8}.Release|iPhone.Build.0 = Release|Any CPU
		{2A7E4A98-9B64-4AF5-A591-211743598EB8}.Release|iPhoneSimulator.ActiveCfg = Release|Any CPU
		{2A7E4A98-9B64-4AF5-A591-211743598EB8}.Release|iPhoneSimulator.Build.0 = Release|Any CPU
		{4DCA485B-1CB4-46AF-97AB-3F524681CD3A}.Debug|Any CPU.ActiveCfg = Debug|Any CPU
		{4DCA485B-1CB4-46AF-97AB-3F524681CD3A}.Debug|Any CPU.Build.0 = Debug|Any CPU
		{4DCA485B-1CB4-46AF-97AB-3F524681CD3A}.Debug|iPhone.ActiveCfg = Debug|Any CPU
		{4DCA485B-1CB4-46AF-97AB-3F524681CD3A}.Debug|iPhone.Build.0 = Debug|Any CPU
		{4DCA485B-1CB4-46AF-97AB-3F524681CD3A}.Debug|iPhoneSimulator.ActiveCfg = Debug|Any CPU
		{4DCA485B-1CB4-46AF-97AB-3F524681CD3A}.Debug|iPhoneSimulator.Build.0 = Debug|Any CPU
		{4DCA485B-1CB4-46AF-97AB-3F524681CD3A}.Release|Any CPU.ActiveCfg = Release|Any CPU
		{4DCA485B-1CB4-46AF-97AB-3F524681CD3A}.Release|Any CPU.Build.0 = Release|Any CPU
		{4DCA485B-1CB4-46AF-97AB-3F524681CD3A}.Release|iPhone.ActiveCfg = Release|Any CPU
		{4DCA485B-1CB4-46AF-97AB-3F524681CD3A}.Release|iPhone.Build.0 = Release|Any CPU
		{4DCA485B-1CB4-46AF-97AB-3F524681CD3A}.Release|iPhoneSimulator.ActiveCfg = Release|Any CPU
		{4DCA485B-1CB4-46AF-97AB-3F524681CD3A}.Release|iPhoneSimulator.Build.0 = Release|Any CPU
		{5779B855-84D9-4775-A0A4-85BA52E29E99}.Debug|Any CPU.ActiveCfg = Debug|Any CPU
		{5779B855-84D9-4775-A0A4-85BA52E29E99}.Debug|Any CPU.Build.0 = Debug|Any CPU
		{5779B855-84D9-4775-A0A4-85BA52E29E99}.Debug|iPhone.ActiveCfg = Debug|Any CPU
		{5779B855-84D9-4775-A0A4-85BA52E29E99}.Debug|iPhone.Build.0 = Debug|Any CPU
		{5779B855-84D9-4775-A0A4-85BA52E29E99}.Debug|iPhoneSimulator.ActiveCfg = Debug|Any CPU
		{5779B855-84D9-4775-A0A4-85BA52E29E99}.Debug|iPhoneSimulator.Build.0 = Debug|Any CPU
		{5779B855-84D9-4775-A0A4-85BA52E29E99}.Release|Any CPU.ActiveCfg = Release|Any CPU
		{5779B855-84D9-4775-A0A4-85BA52E29E99}.Release|Any CPU.Build.0 = Release|Any CPU
		{5779B855-84D9-4775-A0A4-85BA52E29E99}.Release|iPhone.ActiveCfg = Release|Any CPU
		{5779B855-84D9-4775-A0A4-85BA52E29E99}.Release|iPhone.Build.0 = Release|Any CPU
		{5779B855-84D9-4775-A0A4-85BA52E29E99}.Release|iPhoneSimulator.ActiveCfg = Release|Any CPU
		{5779B855-84D9-4775-A0A4-85BA52E29E99}.Release|iPhoneSimulator.Build.0 = Release|Any CPU
		{5D535232-7F23-4EB4-8A40-CCDFEEC83B51}.Debug|Any CPU.ActiveCfg = Debug|Any CPU
		{5D535232-7F23-4EB4-8A40-CCDFEEC83B51}.Debug|Any CPU.Build.0 = Debug|Any CPU
		{5D535232-7F23-4EB4-8A40-CCDFEEC83B51}.Debug|iPhone.ActiveCfg = Debug|Any CPU
		{5D535232-7F23-4EB4-8A40-CCDFEEC83B51}.Debug|iPhone.Build.0 = Debug|Any CPU
		{5D535232-7F23-4EB4-8A40-CCDFEEC83B51}.Debug|iPhoneSimulator.ActiveCfg = Debug|Any CPU
		{5D535232-7F23-4EB4-8A40-CCDFEEC83B51}.Debug|iPhoneSimulator.Build.0 = Debug|Any CPU
		{5D535232-7F23-4EB4-8A40-CCDFEEC83B51}.Release|Any CPU.ActiveCfg = Release|Any CPU
		{5D535232-7F23-4EB4-8A40-CCDFEEC83B51}.Release|Any CPU.Build.0 = Release|Any CPU
		{5D535232-7F23-4EB4-8A40-CCDFEEC83B51}.Release|iPhone.ActiveCfg = Release|Any CPU
		{5D535232-7F23-4EB4-8A40-CCDFEEC83B51}.Release|iPhone.Build.0 = Release|Any CPU
		{5D535232-7F23-4EB4-8A40-CCDFEEC83B51}.Release|iPhoneSimulator.ActiveCfg = Release|Any CPU
		{5D535232-7F23-4EB4-8A40-CCDFEEC83B51}.Release|iPhoneSimulator.Build.0 = Release|Any CPU
		{5EDF520C-B625-416F-AADC-75B101640965}.Debug|Any CPU.ActiveCfg = Debug|iPhoneSimulator
		{5EDF520C-B625-416F-AADC-75B101640965}.Debug|Any CPU.Build.0 = Debug|iPhoneSimulator
		{5EDF520C-B625-416F-AADC-75B101640965}.Debug|iPhone.ActiveCfg = Debug|iPhone
		{5EDF520C-B625-416F-AADC-75B101640965}.Debug|iPhone.Build.0 = Debug|iPhone
		{5EDF520C-B625-416F-AADC-75B101640965}.Debug|iPhoneSimulator.ActiveCfg = Debug|iPhoneSimulator
		{5EDF520C-B625-416F-AADC-75B101640965}.Debug|iPhoneSimulator.Build.0 = Debug|iPhoneSimulator
		{5EDF520C-B625-416F-AADC-75B101640965}.Release|Any CPU.ActiveCfg = Release|iPhone
		{5EDF520C-B625-416F-AADC-75B101640965}.Release|Any CPU.Build.0 = Release|iPhone
		{5EDF520C-B625-416F-AADC-75B101640965}.Release|iPhone.ActiveCfg = Release|iPhone
		{5EDF520C-B625-416F-AADC-75B101640965}.Release|iPhone.Build.0 = Release|iPhone
		{5EDF520C-B625-416F-AADC-75B101640965}.Release|iPhoneSimulator.ActiveCfg = Release|iPhoneSimulator
		{5EDF520C-B625-416F-AADC-75B101640965}.Release|iPhoneSimulator.Build.0 = Release|iPhoneSimulator
		{747755CF-E91C-4CD4-9FAE-0BA5DB468596}.Debug|Any CPU.ActiveCfg = Debug|Any CPU
		{747755CF-E91C-4CD4-9FAE-0BA5DB468596}.Debug|Any CPU.Build.0 = Debug|Any CPU
		{747755CF-E91C-4CD4-9FAE-0BA5DB468596}.Debug|iPhone.ActiveCfg = Debug|Any CPU
		{747755CF-E91C-4CD4-9FAE-0BA5DB468596}.Debug|iPhone.Build.0 = Debug|Any CPU
		{747755CF-E91C-4CD4-9FAE-0BA5DB468596}.Debug|iPhoneSimulator.ActiveCfg = Debug|Any CPU
		{747755CF-E91C-4CD4-9FAE-0BA5DB468596}.Debug|iPhoneSimulator.Build.0 = Debug|Any CPU
		{747755CF-E91C-4CD4-9FAE-0BA5DB468596}.Release|Any CPU.ActiveCfg = Release|Any CPU
		{747755CF-E91C-4CD4-9FAE-0BA5DB468596}.Release|Any CPU.Build.0 = Release|Any CPU
		{747755CF-E91C-4CD4-9FAE-0BA5DB468596}.Release|iPhone.ActiveCfg = Release|Any CPU
		{747755CF-E91C-4CD4-9FAE-0BA5DB468596}.Release|iPhone.Build.0 = Release|Any CPU
		{747755CF-E91C-4CD4-9FAE-0BA5DB468596}.Release|iPhoneSimulator.ActiveCfg = Release|Any CPU
		{747755CF-E91C-4CD4-9FAE-0BA5DB468596}.Release|iPhoneSimulator.Build.0 = Release|Any CPU
		{B15EA990-8904-4303-AEC6-5521AE01457C}.Debug|Any CPU.ActiveCfg = Debug|Any CPU
		{B15EA990-8904-4303-AEC6-5521AE01457C}.Debug|Any CPU.Build.0 = Debug|Any CPU
		{B15EA990-8904-4303-AEC6-5521AE01457C}.Debug|iPhone.ActiveCfg = Debug|Any CPU
		{B15EA990-8904-4303-AEC6-5521AE01457C}.Debug|iPhone.Build.0 = Debug|Any CPU
		{B15EA990-8904-4303-AEC6-5521AE01457C}.Debug|iPhoneSimulator.ActiveCfg = Debug|Any CPU
		{B15EA990-8904-4303-AEC6-5521AE01457C}.Debug|iPhoneSimulator.Build.0 = Debug|Any CPU
		{B15EA990-8904-4303-AEC6-5521AE01457C}.Release|Any CPU.ActiveCfg = Release|Any CPU
		{B15EA990-8904-4303-AEC6-5521AE01457C}.Release|Any CPU.Build.0 = Release|Any CPU
		{B15EA990-8904-4303-AEC6-5521AE01457C}.Release|iPhone.ActiveCfg = Release|Any CPU
		{B15EA990-8904-4303-AEC6-5521AE01457C}.Release|iPhone.Build.0 = Release|Any CPU
		{B15EA990-8904-4303-AEC6-5521AE01457C}.Release|iPhoneSimulator.ActiveCfg = Release|Any CPU
		{B15EA990-8904-4303-AEC6-5521AE01457C}.Release|iPhoneSimulator.Build.0 = Release|Any CPU
		{DD6580F8-B14F-4E99-A35A-180CD8874173}.Debug|Any CPU.ActiveCfg = Debug|iPhoneSimulator
		{DD6580F8-B14F-4E99-A35A-180CD8874173}.Debug|Any CPU.Build.0 = Debug|iPhoneSimulator
		{DD6580F8-B14F-4E99-A35A-180CD8874173}.Debug|iPhone.ActiveCfg = Debug|iPhone
		{DD6580F8-B14F-4E99-A35A-180CD8874173}.Debug|iPhone.Build.0 = Debug|iPhone
		{DD6580F8-B14F-4E99-A35A-180CD8874173}.Debug|iPhoneSimulator.ActiveCfg = Debug|iPhoneSimulator
		{DD6580F8-B14F-4E99-A35A-180CD8874173}.Debug|iPhoneSimulator.Build.0 = Debug|iPhoneSimulator
		{DD6580F8-B14F-4E99-A35A-180CD8874173}.Release|Any CPU.ActiveCfg = Release|iPhone
		{DD6580F8-B14F-4E99-A35A-180CD8874173}.Release|Any CPU.Build.0 = Release|iPhone
		{DD6580F8-B14F-4E99-A35A-180CD8874173}.Release|iPhone.ActiveCfg = Release|iPhone
		{DD6580F8-B14F-4E99-A35A-180CD8874173}.Release|iPhone.Build.0 = Release|iPhone
		{DD6580F8-B14F-4E99-A35A-180CD8874173}.Release|iPhoneSimulator.ActiveCfg = Release|iPhoneSimulator
		{DD6580F8-B14F-4E99-A35A-180CD8874173}.Release|iPhoneSimulator.Build.0 = Release|iPhoneSimulator
	EndGlobalSection
	GlobalSection(NestedProjects) = preSolution
	EndGlobalSection
EndGlobal
